
Microsoft Visual Studio Solution File, Format Version 12.00
# Visual Studio 15
VisualStudioVersion = 15.0.27130.2036
MinimumVisualStudioVersion = 10.0.40219.1
Project("{8BC9CEB8-8B4A-11D0-8D11-00A0C91BC942}") = "Project1", "Project1\Project1.vcxproj", "{AF45F3EF-0149-4413-92B5-C8937A9DCF00}"
EndProject
Global
	GlobalSection(SolutionConfigurationPlatforms) = preSolution
		Debug|x64 = Debug|x64
		Debug|x86 = Debug|x86
		Release|x64 = Release|x64
		Release|x86 = Release|x86
	EndGlobalSection
	GlobalSection(ProjectConfigurationPlatforms) = postSolution
		{AF45F3EF-0149-4413-92B5-C8937A9DCF00}.Debug|x64.ActiveCfg = Debug|x64
		{AF45F3EF-0149-4413-92B5-C8937A9DCF00}.Debug|x64.Build.0 = Debug|x64
		{AF45F3EF-0149-4413-92B5-C8937A9DCF00}.Debug|x86.ActiveCfg = Debug|Win32
		{AF45F3EF-0149-4413-92B5-C8937A9DCF00}.Debug|x86.Build.0 = Debug|Win32
		{AF45F3EF-0149-4413-92B5-C8937A9DCF00}.Release|x64.ActiveCfg = Release|x64
		{AF45F3EF-0149-4413-92B5-C8937A9DCF00}.Release|x64.Build.0 = Release|x64
		{AF45F3EF-0149-4413-92B5-C8937A9DCF00}.Release|x86.ActiveCfg = Release|Win32
		{AF45F3EF-0149-4413-92B5-C8937A9DCF00}.Release|x86.Build.0 = Release|Win32
	EndGlobalSection
	GlobalSection(SolutionProperties) = preSolution
		HideSolutionNode = FALSE
	EndGlobalSection
	GlobalSection(ExtensibilityGlobals) = postSolution
		SolutionGuid = {613C8F6B-113C-4286-AD31-0FBE84C72E78}
	EndGlobalSection
EndGlobal
